
Microsoft Visual Studio Solution File, Format Version 12.00
# Visual Studio 15
VisualStudioVersion = 15.0.27004.2010
MinimumVisualStudioVersion = 10.0.40219.1
Project("{FAE04EC0-301F-11D3-BF4B-00C04F79EFBC}") = "AndroidMapGame", "AndroidMapGame\AndroidMapGame.csproj", "{7A6D3EEE-4A66-4268-A564-0AF948E5DF33}"
EndProject
Global
	GlobalSection(SolutionConfigurationPlatforms) = preSolution
		Debug|Any CPU = Debug|Any CPU
		Release|Any CPU = Release|Any CPU
	EndGlobalSection
	GlobalSection(ProjectConfigurationPlatforms) = postSolution
		{7A6D3EEE-4A66-4268-A564-0AF948E5DF33}.Debug|Any CPU.ActiveCfg = Debug|Any CPU
		{7A6D3EEE-4A66-4268-A564-0AF948E5DF33}.Debug|Any CPU.Build.0 = Debug|Any CPU
		{7A6D3EEE-4A66-4268-A564-0AF948E5DF33}.Debug|Any CPU.Deploy.0 = Debug|Any CPU
		{7A6D3EEE-4A66-4268-A564-0AF948E5DF33}.Release|Any CPU.ActiveCfg = Release|Any CPU
		{7A6D3EEE-4A66-4268-A564-0AF948E5DF33}.Release|Any CPU.Build.0 = Release|Any CPU
		{7A6D3EEE-4A66-4268-A564-0AF948E5DF33}.Release|Any CPU.Deploy.0 = Release|Any CPU
	EndGlobalSection
	GlobalSection(SolutionProperties) = preSolution
		HideSolutionNode = FALSE
	EndGlobalSection
	GlobalSection(ExtensibilityGlobals) = postSolution
		SolutionGuid = {417FDC9D-3849-4153-BA6E-2B2840E3AF02}
	EndGlobalSection
EndGlobal
